
Microsoft Visual Studio Solution File, Format Version 12.00
# Visual Studio 15
VisualStudioVersion = 15.0.28010.2050
MinimumVisualStudioVersion = 10.0.40219.1
Project("{FAE04EC0-301F-11D3-BF4B-00C04F79EFBC}") = "Server", "Server\Server.csproj", "{B62F46A4-D434-4C0E-9BDF-31B7157C8481}"
EndProject
Global
	GlobalSection(SolutionConfigurationPlatforms) = preSolution
		Debug|Any CPU = Debug|Any CPU
		Release|Any CPU = Release|Any CPU
	EndGlobalSection
	GlobalSection(ProjectConfigurationPlatforms) = postSolution
		{B62F46A4-D434-4C0E-9BDF-31B7157C8481}.Debug|Any CPU.ActiveCfg = Debug|Any CPU
		{B62F46A4-D434-4C0E-9BDF-31B7157C8481}.Debug|Any CPU.Build.0 = Debug|Any CPU
		{B62F46A4-D434-4C0E-9BDF-31B7157C8481}.Release|Any CPU.ActiveCfg = Release|Any CPU
		{B62F46A4-D434-4C0E-9BDF-31B7157C8481}.Release|Any CPU.Build.0 = Release|Any CPU
	EndGlobalSection
	GlobalSection(SolutionProperties) = preSolution
		HideSolutionNode = FALSE
	EndGlobalSection
	GlobalSection(ExtensibilityGlobals) = postSolution
		SolutionGuid = {CCD7243F-9244-4E53-A38C-98BB02675277}
	EndGlobalSection
EndGlobal
